
Microsoft Visual Studio Solution File, Format Version 12.00
# Visual Studio 15
VisualStudioVersion = 15.0.28307.572
MinimumVisualStudioVersion = 10.0.40219.1
Project("{FAE04EC0-301F-11D3-BF4B-00C04F79EFBC}") = "WebApplication1", "WebApplication1\WebApplication1.csproj", "{567B50B1-6323-4F18-A098-049C7E070883}"
EndProject
Global
	GlobalSection(SolutionConfigurationPlatforms) = preSolution
		Debug|Any CPU = Debug|Any CPU
		Release|Any CPU = Release|Any CPU
	EndGlobalSection
	GlobalSection(ProjectConfigurationPlatforms) = postSolution
		{567B50B1-6323-4F18-A098-049C7E070883}.Debug|Any CPU.ActiveCfg = Debug|Any CPU
		{567B50B1-6323-4F18-A098-049C7E070883}.Debug|Any CPU.Build.0 = Debug|Any CPU
		{567B50B1-6323-4F18-A098-049C7E070883}.Release|Any CPU.ActiveCfg = Release|Any CPU
		{567B50B1-6323-4F18-A098-049C7E070883}.Release|Any CPU.Build.0 = Release|Any CPU
	EndGlobalSection
	GlobalSection(SolutionProperties) = preSolution
		HideSolutionNode = FALSE
	EndGlobalSection
	GlobalSection(ExtensibilityGlobals) = postSolution
		SolutionGuid = {56E06F3E-717F-4314-AD41-7F4CE72FF2C3}
	EndGlobalSection
EndGlobal
